
Microsoft Visual Studio Solution File, Format Version 12.00
# Visual Studio 15
VisualStudioVersion = 15.0.27703.2035
MinimumVisualStudioVersion = 10.0.40219.1
Project("{FAE04EC0-301F-11D3-BF4B-00C04F79EFBC}") = "PizzaStore.Library", "PizzaStore.Library\PizzaStore.Library.csproj", "{13E83806-F1A7-48CA-8755-48DA2F925295}"
EndProject
Project("{FAE04EC0-301F-11D3-BF4B-00C04F79EFBC}") = "PizzaStore.Console", "PizzaStore.Console\PizzaStore.Console.csproj", "{7E53E11D-4E22-4E3F-BC00-6EB0D8F439B3}"
EndProject
Project("{FAE04EC0-301F-11D3-BF4B-00C04F79EFBC}") = "PizzaStore.Test", "PizzaStore.Test\PizzaStore.Test.csproj", "{E260E560-18FB-45DA-B5A9-3563D8F5EE5D}"
EndProject
Global
	GlobalSection(SolutionConfigurationPlatforms) = preSolution
		Debug|Any CPU = Debug|Any CPU
		Release|Any CPU = Release|Any CPU
	EndGlobalSection
	GlobalSection(ProjectConfigurationPlatforms) = postSolution
		{13E83806-F1A7-48CA-8755-48DA2F925295}.Debug|Any CPU.ActiveCfg = Debug|Any CPU
		{13E83806-F1A7-48CA-8755-48DA2F925295}.Debug|Any CPU.Build.0 = Debug|Any CPU
		{13E83806-F1A7-48CA-8755-48DA2F925295}.Release|Any CPU.ActiveCfg = Release|Any CPU
		{13E83806-F1A7-48CA-8755-48DA2F925295}.Release|Any CPU.Build.0 = Release|Any CPU
		{7E53E11D-4E22-4E3F-BC00-6EB0D8F439B3}.Debug|Any CPU.ActiveCfg = Debug|Any CPU
		{7E53E11D-4E22-4E3F-BC00-6EB0D8F439B3}.Debug|Any CPU.Build.0 = Debug|Any CPU
		{7E53E11D-4E22-4E3F-BC00-6EB0D8F439B3}.Release|Any CPU.ActiveCfg = Release|Any CPU
		{7E53E11D-4E22-4E3F-BC00-6EB0D8F439B3}.Release|Any CPU.Build.0 = Release|Any CPU
		{E260E560-18FB-45DA-B5A9-3563D8F5EE5D}.Debug|Any CPU.ActiveCfg = Debug|Any CPU
		{E260E560-18FB-45DA-B5A9-3563D8F5EE5D}.Debug|Any CPU.Build.0 = Debug|Any CPU
		{E260E560-18FB-45DA-B5A9-3563D8F5EE5D}.Release|Any CPU.ActiveCfg = Release|Any CPU
		{E260E560-18FB-45DA-B5A9-3563D8F5EE5D}.Release|Any CPU.Build.0 = Release|Any CPU
	EndGlobalSection
	GlobalSection(SolutionProperties) = preSolution
		HideSolutionNode = FALSE
	EndGlobalSection
	GlobalSection(ExtensibilityGlobals) = postSolution
		SolutionGuid = {9C1B3860-9C3A-4894-B6A2-4AE033CFA391}
	EndGlobalSection
EndGlobal
